// !$*UTF8*$!
{
	archiveVersion = 1;
	classes = {
	};
	objectVersion = 56;
	objects = {

/* Begin PBXBuildFile section */
		926551362A059CE6002A82C3 /* To_Do_SwiftUIApp.swift in Sources */ = {isa = PBXBuildFile; fileRef = 926551352A059CE6002A82C3 /* To_Do_SwiftUIApp.swift */; };
		926551382A059CE6002A82C3 /* ContentView.swift in Sources */ = {isa = PBXBuildFile; fileRef = 926551372A059CE6002A82C3 /* ContentView.swift */; };
		9265513A2A059CE7002A82C3 /* Assets.xcassets in Resources */ = {isa = PBXBuildFile; fileRef = 926551392A059CE7002A82C3 /* Assets.xcassets */; };
		9265513D2A059CE7002A82C3 /* Preview Assets.xcassets in Resources */ = {isa = PBXBuildFile; fileRef = 9265513C2A059CE7002A82C3 /* Preview Assets.xcassets */; };
		92C4960D2A070FF5007C0C2A /* GoogleService-Info.plist in Resources */ = {isa = PBXBuildFile; fileRef = 92C4960C2A070FF5007C0C2A /* GoogleService-Info.plist */; };
		92C496172A0712C7007C0C2A /* ItemModel.swift in Sources */ = {isa = PBXBuildFile; fileRef = 92C496162A0712C7007C0C2A /* ItemModel.swift */; };
		92C496192A071447007C0C2A /* ListViewModel.swift in Sources */ = {isa = PBXBuildFile; fileRef = 92C496182A071447007C0C2A /* ListViewModel.swift */; };
		92C4961B2A071988007C0C2A /* EmptyItemsView.swift in Sources */ = {isa = PBXBuildFile; fileRef = 92C4961A2A071988007C0C2A /* EmptyItemsView.swift */; };
		92C4961D2A071BA6007C0C2A /* AddItem.swift in Sources */ = {isa = PBXBuildFile; fileRef = 92C4961C2A071BA6007C0C2A /* AddItem.swift */; };
		92C4961F2A073337007C0C2A /* ListRowView.swift in Sources */ = {isa = PBXBuildFile; fileRef = 92C4961E2A073337007C0C2A /* ListRowView.swift */; };
		92C496212A0734C3007C0C2A /* ListView.swift in Sources */ = {isa = PBXBuildFile; fileRef = 92C496202A0734C3007C0C2A /* ListView.swift */; };
/* End PBXBuildFile section */

/* Begin PBXFileReference section */
		926551322A059CE6002A82C3 /* To-Do_SwiftUI.app */ = {isa = PBXFileReference; explicitFileType = wrapper.application; includeInIndex = 0; path = "To-Do_SwiftUI.app"; sourceTree = BUILT_PRODUCTS_DIR; };
		926551352A059CE6002A82C3 /* To_Do_SwiftUIApp.swift */ = {isa = PBXFileReference; lastKnownFileType = sourcecode.swift; path = To_Do_SwiftUIApp.swift; sourceTree = "<group>"; };
		926551372A059CE6002A82C3 /* ContentView.swift */ = {isa = PBXFileReference; lastKnownFileType = sourcecode.swift; path = ContentView.swift; sourceTree = "<group>"; };
		926551392A059CE7002A82C3 /* Assets.xcassets */ = {isa = PBXFileReference; lastKnownFileType = folder.assetcatalog; path = Assets.xcassets; sourceTree = "<group>"; };
		9265513C2A059CE7002A82C3 /* Preview Assets.xcassets */ = {isa = PBXFileReference; lastKnownFileType = folder.assetcatalog; path = "Preview Assets.xcassets"; sourceTree = "<group>"; };
		92C4960C2A070FF5007C0C2A /* GoogleService-Info.plist */ = {isa = PBXFileReference; fileEncoding = 4; lastKnownFileType = text.plist.xml; path = "GoogleService-Info.plist"; sourceTree = "<group>"; };
		92C496162A0712C7007C0C2A /* ItemModel.swift */ = {isa = PBXFileReference; lastKnownFileType = sourcecode.swift; path = ItemModel.swift; sourceTree = "<group>"; };
		92C496182A071447007C0C2A /* ListViewModel.swift */ = {isa = PBXFileReference; lastKnownFileType = sourcecode.swift; path = ListViewModel.swift; sourceTree = "<group>"; };
		92C4961A2A071988007C0C2A /* EmptyItemsView.swift */ = {isa = PBXFileReference; lastKnownFileType = sourcecode.swift; path = EmptyItemsView.swift; sourceTree = "<group>"; };
		92C4961C2A071BA6007C0C2A /* AddItem.swift */ = {isa = PBXFileReference; lastKnownFileType = sourcecode.swift; path = AddItem.swift; sourceTree = "<group>"; };
		92C4961E2A073337007C0C2A /* ListRowView.swift */ = {isa = PBXFileReference; lastKnownFileType = sourcecode.swift; path = ListRowView.swift; sourceTree = "<group>"; };
		92C496202A0734C3007C0C2A /* ListView.swift */ = {isa = PBXFileReference; lastKnownFileType = sourcecode.swift; path = ListView.swift; sourceTree = "<group>"; };
/* End PBXFileReference section */

/* Begin PBXFrameworksBuildPhase section */
		9265512F2A059CE6002A82C3 /* Frameworks */ = {
			isa = PBXFrameworksBuildPhase;
			buildActionMask = 2147483647;
			files = (
			);
			runOnlyForDeploymentPostprocessing = 0;
		};
/* End PBXFrameworksBuildPhase section */

/* Begin PBXGroup section */
		926551292A059CE6002A82C3 = {
			isa = PBXGroup;
			children = (
				926551342A059CE6002A82C3 /* To-Do_SwiftUI */,
				926551332A059CE6002A82C3 /* Products */,
			);
			sourceTree = "<group>";
		};
		926551332A059CE6002A82C3 /* Products */ = {
			isa = PBXGroup;
			children = (
				926551322A059CE6002A82C3 /* To-Do_SwiftUI.app */,
			);
			name = Products;
			sourceTree = "<group>";
		};
		926551342A059CE6002A82C3 /* To-Do_SwiftUI */ = {
			isa = PBXGroup;
			children = (
				92C496132A0711EB007C0C2A /* Models */,
				92C496112A0711D4007C0C2A /* Views */,
				92C496152A071207007C0C2A /* ViewModels */,
				92C496122A0711DA007C0C2A /* Others */,
				9265513B2A059CE7002A82C3 /* Preview Content */,
			);
			path = "To-Do_SwiftUI";
			sourceTree = "<group>";
		};
		9265513B2A059CE7002A82C3 /* Preview Content */ = {
			isa = PBXGroup;
			children = (
				9265513C2A059CE7002A82C3 /* Preview Assets.xcassets */,
			);
			path = "Preview Content";
			sourceTree = "<group>";
		};
		92C496112A0711D4007C0C2A /* Views */ = {
			isa = PBXGroup;
			children = (
				926551372A059CE6002A82C3 /* ContentView.swift */,
				92C4961A2A071988007C0C2A /* EmptyItemsView.swift */,
				92C4961C2A071BA6007C0C2A /* AddItem.swift */,
				92C4961E2A073337007C0C2A /* ListRowView.swift */,
				92C496202A0734C3007C0C2A /* ListView.swift */,
			);
			path = Views;
			sourceTree = "<group>";
		};
		92C496122A0711DA007C0C2A /* Others */ = {
			isa = PBXGroup;
			children = (
				926551392A059CE7002A82C3 /* Assets.xcassets */,
				92C4960C2A070FF5007C0C2A /* GoogleService-Info.plist */,
				926551352A059CE6002A82C3 /* To_Do_SwiftUIApp.swift */,
			);
			path = Others;
			sourceTree = "<group>";
		};
		92C496132A0711EB007C0C2A /* Models */ = {
			isa = PBXGroup;
			children = (
				92C496162A0712C7007C0C2A /* ItemModel.swift */,
			);
			path = Models;
			sourceTree = "<group>";
		};
		92C496152A071207007C0C2A /* ViewModels */ = {
			isa = PBXGroup;
			children = (
				92C496182A071447007C0C2A /* ListViewModel.swift */,
			);
			path = ViewModels;
			sourceTree = "<group>";
		};
/* End PBXGroup section */

/* Begin PBXNativeTarget section */
		926551312A059CE6002A82C3 /* To-Do_SwiftUI */ = {
			isa = PBXNativeTarget;
			buildConfigurationList = 926551402A059CE7002A82C3 /* Build configuration list for PBXNativeTarget "To-Do_SwiftUI" */;
			buildPhases = (
				9265512E2A059CE6002A82C3 /* Sources */,
				9265512F2A059CE6002A82C3 /* Frameworks */,
				926551302A059CE6002A82C3 /* Resources */,
			);
			buildRules = (
			);
			dependencies = (
			);
			name = "To-Do_SwiftUI";
			packageProductDependencies = (
			);
			productName = "To-Do_SwiftUI";
			productReference = 926551322A059CE6002A82C3 /* To-Do_SwiftUI.app */;
			productType = "com.apple.product-type.application";
		};
/* End PBXNativeTarget section */

/* Begin PBXProject section */
		9265512A2A059CE6002A82C3 /* Project object */ = {
			isa = PBXProject;
			attributes = {
				BuildIndependentTargetsInParallel = 1;
				LastSwiftUpdateCheck = 1430;
				LastUpgradeCheck = 1430;
				TargetAttributes = {
					926551312A059CE6002A82C3 = {
						CreatedOnToolsVersion = 14.3;
					};
				};
			};
			buildConfigurationList = 9265512D2A059CE6002A82C3 /* Build configuration list for PBXProject "To-Do_SwiftUI" */;
			compatibilityVersion = "Xcode 14.0";
			developmentRegion = en;
			hasScannedForEncodings = 0;
			knownRegions = (
				en,
				Base,
			);
			mainGroup = 926551292A059CE6002A82C3;
			packageReferences = (
			);
			productRefGroup = 926551332A059CE6002A82C3 /* Products */;
			projectDirPath = "";
			projectRoot = "";
			targets = (
				926551312A059CE6002A82C3 /* To-Do_SwiftUI */,
			);
		};
/* End PBXProject section */

/* Begin PBXResourcesBuildPhase section */
		926551302A059CE6002A82C3 /* Resources */ = {
			isa = PBXResourcesBuildPhase;
			buildActionMask = 2147483647;
			files = (
				9265513D2A059CE7002A82C3 /* Preview Assets.xcassets in Resources */,
				9265513A2A059CE7002A82C3 /* Assets.xcassets in Resources */,
				92C4960D2A070FF5007C0C2A /* GoogleService-Info.plist in Resources */,
			);
			runOnlyForDeploymentPostprocessing = 0;
		};
/* End PBXResourcesBuildPhase section */

/* Begin PBXSourcesBuildPhase section */
		9265512E2A059CE6002A82C3 /* Sources */ = {
			isa = PBXSourcesBuildPhase;
			buildActionMask = 2147483647;
			files = (
				92C496212A0734C3007C0C2A /* ListView.swift in Sources */,
				92C496172A0712C7007C0C2A /* ItemModel.swift in Sources */,
				92C4961F2A073337007C0C2A /* ListRowView.swift in Sources */,
				926551382A059CE6002A82C3 /* ContentView.swift in Sources */,
				92C4961D2A071BA6007C0C2A /* AddItem.swift in Sources */,
				92C4961B2A071988007C0C2A /* EmptyItemsView.swift in Sources */,
				92C496192A071447007C0C2A /* ListViewModel.swift in Sources */,
				926551362A059CE6002A82C3 /* To_Do_SwiftUIApp.swift in Sources */,
			);
			runOnlyForDeploymentPostprocessing = 0;
		};
/* End PBXSourcesBuildPhase section */

/* Begin XCBuildConfiguration section */
		9265513E2A059CE7002A82C3 /* Debug */ = {
			isa = XCBuildConfiguration;
			buildSettings = {
				ALWAYS_SEARCH_USER_PATHS = NO;
				CLANG_ANALYZER_NONNULL = YES;
				CLANG_ANALYZER_NUMBER_OBJECT_CONVERSION = YES_AGGRESSIVE;
				CLANG_CXX_LANGUAGE_STANDARD = "gnu++20";
				CLANG_ENABLE_MODULES = YES;
				CLANG_ENABLE_OBJC_ARC = YES;
				CLANG_ENABLE_OBJC_WEAK = YES;
				CLANG_WARN_BLOCK_CAPTURE_AUTORELEASING = YES;
				CLANG_WARN_BOOL_CONVERSION = YES;
				CLANG_WARN_COMMA = YES;
				CLANG_WARN_CONSTANT_CONVERSION = YES;
				CLANG_WARN_DEPRECATED_OBJC_IMPLEMENTATIONS = YES;
				CLANG_WARN_DIRECT_OBJC_ISA_USAGE = YES_ERROR;
				CLANG_WARN_DOCUMENTATION_COMMENTS = YES;
				CLANG_WARN_EMPTY_BODY = YES;
				CLANG_WARN_ENUM_CONVERSION = YES;
				CLANG_WARN_INFINITE_RECURSION = YES;
				CLANG_WARN_INT_CONVERSION = YES;
				CLANG_WARN_NON_LITERAL_NULL_CONVERSION = YES;
				CLANG_WARN_OBJC_IMPLICIT_RETAIN_SELF = YES;
				CLANG_WARN_OBJC_LITERAL_CONVERSION = YES;
				CLANG_WARN_OBJC_ROOT_CLASS = YES_ERROR;
				CLANG_WARN_QUOTED_INCLUDE_IN_FRAMEWORK_HEADER = YES;
				CLANG_WARN_RANGE_LOOP_ANALYSIS = YES;
				CLANG_WARN_STRICT_PROTOTYPES = YES;
				CLANG_WARN_SUSPICIOUS_MOVE = YES;
				CLANG_WARN_UNGUARDED_AVAILABILITY = YES_AGGRESSIVE;
				CLANG_WARN_UNREACHABLE_CODE = YES;
				CLANG_WARN__DUPLICATE_METHOD_MATCH = YES;
				COPY_PHASE_STRIP = NO;
				DEBUG_INFORMATION_FORMAT = dwarf;
				ENABLE_STRICT_OBJC_MSGSEND = YES;
				ENABLE_TESTABILITY = YES;
				GCC_C_LANGUAGE_STANDARD = gnu11;
				GCC_DYNAMIC_NO_PIC = NO;
				GCC_NO_COMMON_BLOCKS = YES;
				GCC_OPTIMIZATION_LEVEL = 0;
				GCC_PREPROCESSOR_DEFINITIONS = (
					"DEBUG=1",
					"$(inherited)",
				);
				GCC_WARN_64_TO_32_BIT_CONVERSION = YES;
				GCC_WARN_ABOUT_RETURN_TYPE = YES_ERROR;
				GCC_WARN_UNDECLARED_SELECTOR = YES;
				GCC_WARN_UNINITIALIZED_AUTOS = YES_AGGRESSIVE;
				GCC_WARN_UNUSED_FUNCTION = YES;
				GCC_WARN_UNUSED_VARIABLE = YES;
				IPHONEOS_DEPLOYMENT_TARGET = 16.4;
				MTL_ENABLE_DEBUG_INFO = INCLUDE_SOURCE;
				MTL_FAST_MATH = YES;
				ONLY_ACTIVE_ARCH = YES;
				SDKROOT = iphoneos;
				SWIFT_ACTIVE_COMPILATION_CONDITIONS = DEBUG;
				SWIFT_OPTIMIZATION_LEVEL = "-Onone";
			};
			name = Debug;
		};
		9265513F2A059CE7002A82C3 /* Release */ = {
			isa = XCBuildConfiguration;
			buildSettings = {
				ALWAYS_SEARCH_USER_PATHS = NO;
				CLANG_ANALYZER_NONNULL = YES;
				CLANG_ANALYZER_NUMBER_OBJECT_CONVERSION = YES_AGGRESSIVE;
				CLANG_CXX_LANGUAGE_STANDARD = "gnu++20";
				CLANG_ENABLE_MODULES = YES;
				CLANG_ENABLE_OBJC_ARC = YES;
				CLANG_ENABLE_OBJC_WEAK = YES;
				CLANG_WARN_BLOCK_CAPTURE_AUTORELEASING = YES;
				CLANG_WARN_BOOL_CONVERSION = YES;
				CLANG_WARN_COMMA = YES;
				CLANG_WARN_CONSTANT_CONVERSION = YES;
				CLANG_WARN_DEPRECATED_OBJC_IMPLEMENTATIONS = YES;
				CLANG_WARN_DIRECT_OBJC_ISA_USAGE = YES_ERROR;
				CLANG_WARN_DOCUMENTATION_COMMENTS = YES;
				CLANG_WARN_EMPTY_BODY = YES;
				CLANG_WARN_ENUM_CONVERSION = YES;
				CLANG_WARN_INFINITE_RECURSION = YES;
				CLANG_WARN_INT_CONVERSION = YES;
				CLANG_WARN_NON_LITERAL_NULL_CONVERSION = YES;
				CLANG_WARN_OBJC_IMPLICIT_RETAIN_SELF = YES;
				CLANG_WARN_OBJC_LITERAL_CONVERSION = YES;
				CLANG_WARN_OBJC_ROOT_CLASS = YES_ERROR;
				CLANG_WARN_QUOTED_INCLUDE_IN_FRAMEWORK_HEADER = YES;
				CLANG_WARN_RANGE_LOOP_ANALYSIS = YES;
				CLANG_WARN_STRICT_PROTOTYPES = YES;
				CLANG_WARN_SUSPICIOUS_MOVE = YES;
				CLANG_WARN_UNGUARDED_AVAILABILITY = YES_AGGRESSIVE;
				CLANG_WARN_UNREACHABLE_CODE = YES;
				CLANG_WARN__DUPLICATE_METHOD_MATCH = YES;
				COPY_PHASE_STRIP = NO;
				DEBUG_INFORMATION_FORMAT = "dwarf-with-dsym";
				ENABLE_NS_ASSERTIONS = NO;
				ENABLE_STRICT_OBJC_MSGSEND = YES;
				GCC_C_LANGUAGE_STANDARD = gnu11;
				GCC_NO_COMMON_BLOCKS = YES;
				GCC_WARN_64_TO_32_BIT_CONVERSION = YES;
				GCC_WARN_ABOUT_RETURN_TYPE = YES_ERROR;
				GCC_WARN_UNDECLARED_SELECTOR = YES;
				GCC_WARN_UNINITIALIZED_AUTOS = YES_AGGRESSIVE;
				GCC_WARN_UNUSED_FUNCTION = YES;
				GCC_WARN_UNUSED_VARIABLE = YES;
				IPHONEOS_DEPLOYMENT_TARGET = 16.4;
				MTL_ENABLE_DEBUG_INFO = NO;
				MTL_FAST_MATH = YES;
				SDKROOT = iphoneos;
				SWIFT_COMPILATION_MODE = wholemodule;
				SWIFT_OPTIMIZATION_LEVEL = "-O";
				VALIDATE_PRODUCT = YES;
			};
			name = Release;
		};
		926551412A059CE7002A82C3 /* Debug */ = {
			isa = XCBuildConfiguration;
			buildSettings = {
				ASSETCATALOG_COMPILER_APPICON_NAME = AppIcon;
				ASSETCATALOG_COMPILER_GLOBAL_ACCENT_COLOR_NAME = AccentColor;
				CODE_SIGN_STYLE = Automatic;
				CURRENT_PROJECT_VERSION = 1;
				DEVELOPMENT_ASSET_PATHS = "\"To-Do_SwiftUI/Preview Content\"";
				DEVELOPMENT_TEAM = 8D9UT3KT36;
				ENABLE_PREVIEWS = YES;
				GENERATE_INFOPLIST_FILE = YES;
				INFOPLIST_KEY_UIApplicationSceneManifest_Generation = YES;
				INFOPLIST_KEY_UIApplicationSupportsIndirectInputEvents = YES;
				INFOPLIST_KEY_UILaunchScreen_Generation = YES;
				INFOPLIST_KEY_UISupportedInterfaceOrientations_iPad = "UIInterfaceOrientationPortrait UIInterfaceOrientationPortraitUpsideDown UIInterfaceOrientationLandscapeLeft UIInterfaceOrientationLandscapeRight";
				INFOPLIST_KEY_UISupportedInterfaceOrientations_iPhone = "UIInterfaceOrientationPortrait UIInterfaceOrientationLandscapeLeft UIInterfaceOrientationLandscapeRight";
				LD_RUNPATH_SEARCH_PATHS = (
					"$(inherited)",
					"@executable_path/Frameworks",
				);
				MARKETING_VERSION = 1.0;
				PRODUCT_BUNDLE_IDENTIFIER = "com.app.To-Do-SwiftUI";
				PRODUCT_NAME = "$(TARGET_NAME)";
				SWIFT_EMIT_LOC_STRINGS = YES;
				SWIFT_VERSION = 5.0;
				TARGETED_DEVICE_FAMILY = "1,2";
			};
			name = Debug;
		};
		926551422A059CE7002A82C3 /* Release */ = {
			isa = XCBuildConfiguration;
			buildSettings = {
				ASSETCATALOG_COMPILER_APPICON_NAME = AppIcon;
				ASSETCATALOG_COMPILER_GLOBAL_ACCENT_COLOR_NAME = AccentColor;
				CODE_SIGN_STYLE = Automatic;
				CURRENT_PROJECT_VERSION = 1;
				DEVELOPMENT_ASSET_PATHS = "\"To-Do_SwiftUI/Preview Content\"";
				DEVELOPMENT_TEAM = 8D9UT3KT36;
				ENABLE_PREVIEWS = YES;
				GENERATE_INFOPLIST_FILE = YES;
				INFOPLIST_KEY_UIApplicationSceneManifest_Generation = YES;
				INFOPLIST_KEY_UIApplicationSupportsIndirectInputEvents = YES;
				INFOPLIST_KEY_UILaunchScreen_Generation = YES;
				INFOPLIST_KEY_UISupportedInterfaceOrientations_iPad = "UIInterfaceOrientationPortrait UIInterfaceOrientationPortraitUpsideDown UIInterfaceOrientationLandscapeLeft UIInterfaceOrientationLandscapeRight";
				INFOPLIST_KEY_UISupportedInterfaceOrientations_iPhone = "UIInterfaceOrientationPortrait UIInterfaceOrientationLandscapeLeft UIInterfaceOrientationLandscapeRight";
				LD_RUNPATH_SEARCH_PATHS = (
					"$(inherited)",
					"@executable_path/Frameworks",
				);
				MARKETING_VERSION = 1.0;
				PRODUCT_BUNDLE_IDENTIFIER = "com.app.To-Do-SwiftUI";
				PRODUCT_NAME = "$(TARGET_NAME)";
				SWIFT_EMIT_LOC_STRINGS = YES;
				SWIFT_VERSION = 5.0;
				TARGETED_DEVICE_FAMILY = "1,2";
			};
			name = Release;
		};
/* End XCBuildConfiguration section */

/* Begin XCConfigurationList section */
		9265512D2A059CE6002A82C3 /* Build configuration list for PBXProject "To-Do_SwiftUI" */ = {
			isa = XCConfigurationList;
			buildConfigurations = (
				9265513E2A059CE7002A82C3 /* Debug */,
				9265513F2A059CE7002A82C3 /* Release */,
			);
			defaultConfigurationIsVisible = 0;
			defaultConfigurationName = Release;
		};
		926551402A059CE7002A82C3 /* Build configuration list for PBXNativeTarget "To-Do_SwiftUI" */ = {
			isa = XCConfigurationList;
			buildConfigurations = (
				926551412A059CE7002A82C3 /* Debug */,
				926551422A059CE7002A82C3 /* Release */,
			);
			defaultConfigurationIsVisible = 0;
			defaultConfigurationName = Release;
		};
/* End XCConfigurationList section */
	};
	rootObject = 9265512A2A059CE6002A82C3 /* Project object */;
}
